// !$*UTF8*$!
{
	archiveVersion = 1;
	classes = {
	};
	objectVersion = 46;
	objects = {

/* Begin PBXBuildFile section */
		031AC9388DC0464FB6CA4ED3 /* pattern_formatter.cpp in Sources */ = {isa = PBXBuildFile; fileRef = 6DF8E5DE065B4CB2A12BE774 /* pattern_formatter.cpp */; };
		0F76CDD12AD24E7BB890C6B6 /* logger.cpp in Sources */ = {isa = PBXBuildFile; fileRef = 887ECD499D864DEEB33FDCE9 /* logger.cpp */; };
		0FF9FB3090FD44D491F15DEC /* file_appender.cpp in Sources */ = {isa = PBXBuildFile; fileRef = 7E1CC51DD70E46C0A571C992 /* file_appender.cpp */; };
		2A4F1D4CE2D44E7EBC9B3875 /* format.cc in Sources */ = {isa = PBXBuildFile; fileRef = F40D354FC05640348AFFF95B /* format.cc */; };
		33CB6489E1174BC2BF99B692 /* mxlogger_manager.cpp in Sources */ = {isa = PBXBuildFile; fileRef = 32906EDBAEC94828A80B42C9 /* mxlogger_manager.cpp */; };
		50D9E8FEE0B44950A0505FDA /* console_sink.cc in Sources */ = {isa = PBXBuildFile; fileRef = A3EA53A68CC54EF6BA9345DF /* console_sink.cc */; };
		549D8BEAA4D644D4BDE6B993 /* async_logger.cpp in Sources */ = {isa = PBXBuildFile; fileRef = 5E4F6833066E4A3E8C71B386 /* async_logger.cpp */; };
		819DC5B01F53454C9B9D1287 /* flag_formatter.cpp in Sources */ = {isa = PBXBuildFile; fileRef = 13759C66E1A944E787D36566 /* flag_formatter.cpp */; };
		8460167A4CC54937AAE74B1A /* log_msg_buffer.cpp in Sources */ = {isa = PBXBuildFile; fileRef = 9475BEC8245A4615977F7C5C /* log_msg_buffer.cpp */; };
		90E0704D3BDA4BF58781A0C9 /* mpmc_blocking_queue.cpp in Sources */ = {isa = PBXBuildFile; fileRef = 807B4F2ED55646509F41DEE7 /* mpmc_blocking_queue.cpp */; };
		A14A73B7081542DE91666CA6 /* logger_os.cpp in Sources */ = {isa = PBXBuildFile; fileRef = DB10DB2794C84DD5A3921B6A /* logger_os.cpp */; };
		A30E2AA924A64101AEE562AB /* thread_pool.cpp in Sources */ = {isa = PBXBuildFile; fileRef = 0156E520ADF6413BABD29647 /* thread_pool.cpp */; };
		A93F95A59E8F49F7B2853333 /* file_helper.cpp in Sources */ = {isa = PBXBuildFile; fileRef = D7A192E21D3D4C8A9B3FE776 /* file_helper.cpp */; };
		BD6286D927EB2A9100362E4C /* mxlogger_manager.hpp in CopyFiles */ = {isa = PBXBuildFile; fileRef = 2D813CB10B7E4AF9A2DD2863 /* mxlogger_manager.hpp */; };
		BD6286DB27EB2A9800362E4C /* logger_enum.h in CopyFiles */ = {isa = PBXBuildFile; fileRef = 10E421E40CF6487F9CFF1204 /* logger_enum.h */; };
		BF098301C1E345DC9AF475AA /* file_sink.cpp in Sources */ = {isa = PBXBuildFile; fileRef = 57C3FB96BE5345829B4E583A /* file_sink.cpp */; };
		C55F212C969B451CBF2CD390 /* sinks.cc in Sources */ = {isa = PBXBuildFile; fileRef = 59F56C88E81641BD9B00BC4C /* sinks.cc */; };
		CE4C7D893D4F4E36B81D7F3F /* formatter.cpp in Sources */ = {isa = PBXBuildFile; fileRef = DF9EE5BB720A4E66833D66DE /* formatter.cpp */; };
		D478848162D64A9DA04368DE /* async_msg.cpp in Sources */ = {isa = PBXBuildFile; fileRef = 842F1469BD1046A697DBF382 /* async_msg.cpp */; };
		E3ABE1F78997446FBDBF86F0 /* log_msg.cc in Sources */ = {isa = PBXBuildFile; fileRef = E58801B0980E415584ABA90C /* log_msg.cc */; };
		E3F774DB47ED4FFDABAA4DA0 /* os.cc in Sources */ = {isa = PBXBuildFile; fileRef = CFF65050BB8341718589FFEE /* os.cc */; };
/* End PBXBuildFile section */

/* Begin PBXCopyFilesBuildPhase section */
		BD6286D727EB299100362E4C /* CopyFiles */ = {
			isa = PBXCopyFilesBuildPhase;
			buildActionMask = 2147483647;
			dstPath = include/MXLoggerCore;
			dstSubfolderSpec = 16;
			files = (
				BD6286DB27EB2A9800362E4C /* logger_enum.h in CopyFiles */,
				BD6286D927EB2A9100362E4C /* mxlogger_manager.hpp in CopyFiles */,
			);
			runOnlyForDeploymentPostprocessing = 0;
		};
/* End PBXCopyFilesBuildPhase section */

/* Begin PBXFileReference section */
		0156E520ADF6413BABD29647 /* thread_pool.cpp */ = {isa = PBXFileReference; explicitFileType = sourcecode.cpp.cpp; fileEncoding = 4; path = thread_pool.cpp; sourceTree = SOURCE_ROOT; };
		10E421E40CF6487F9CFF1204 /* logger_enum.h */ = {isa = PBXFileReference; explicitFileType = sourcecode.c.h; fileEncoding = 4; path = logger_enum.h; sourceTree = SOURCE_ROOT; };
		13759C66E1A944E787D36566 /* flag_formatter.cpp */ = {isa = PBXFileReference; explicitFileType = sourcecode.cpp.cpp; fileEncoding = 4; path = flag_formatter.cpp; sourceTree = SOURCE_ROOT; };
		16F6EBE5B03F4C5D984B1645 /* console_sink.h */ = {isa = PBXFileReference; explicitFileType = sourcecode.c.h; fileEncoding = 4; path = console_sink.h; sourceTree = SOURCE_ROOT; };
		19A8458EA8B94857867D22A9 /* ostream.h */ = {isa = PBXFileReference; explicitFileType = sourcecode.c.h; fileEncoding = 4; name = ostream.h; path = fmt/ostream.h; sourceTree = SOURCE_ROOT; };
		1A5AE5F6A6CD48E9B3C9C76B /* log_msg_buffer.hpp */ = {isa = PBXFileReference; explicitFileType = sourcecode.cpp.h; fileEncoding = 4; path = log_msg_buffer.hpp; sourceTree = SOURCE_ROOT; };
		2D813CB10B7E4AF9A2DD2863 /* mxlogger_manager.hpp */ = {isa = PBXFileReference; explicitFileType = sourcecode.cpp.h; fileEncoding = 4; path = mxlogger_manager.hpp; sourceTree = SOURCE_ROOT; };
		2FEE511429204B8CAA38D438 /* CMakeLists.txt */ = {isa = PBXFileReference; explicitFileType = sourcecode.text; fileEncoding = 4; lastKnownFileType = text; path = CMakeLists.txt; sourceTree = SOURCE_ROOT; };
		32906EDBAEC94828A80B42C9 /* mxlogger_manager.cpp */ = {isa = PBXFileReference; explicitFileType = sourcecode.cpp.cpp; fileEncoding = 4; path = mxlogger_manager.cpp; sourceTree = SOURCE_ROOT; };
		410FA2BA5A814026AF4F739C /* fmt_helper.h */ = {isa = PBXFileReference; explicitFileType = sourcecode.c.h; fileEncoding = 4; path = fmt_helper.h; sourceTree = SOURCE_ROOT; };
		4372E306EE3140029665949F /* Info.plist */ = {isa = PBXFileReference; explicitFileType = sourcecode.text.plist; fileEncoding = 4; lastKnownFileType = text.plist; name = Info.plist; path = "build-ios/CMakeFiles/MXLoggerCore.dir/Info.plist"; sourceTree = SOURCE_ROOT; };
		4A843ABA3FA94CE6B1282B2C /* thread_pool.hpp */ = {isa = PBXFileReference; explicitFileType = sourcecode.cpp.h; fileEncoding = 4; path = thread_pool.hpp; sourceTree = SOURCE_ROOT; };
		57C3FB96BE5345829B4E583A /* file_sink.cpp */ = {isa = PBXFileReference; explicitFileType = sourcecode.cpp.cpp; fileEncoding = 4; path = file_sink.cpp; sourceTree = SOURCE_ROOT; };
		59F56C88E81641BD9B00BC4C /* sinks.cc */ = {isa = PBXFileReference; explicitFileType = sourcecode.cpp.cpp; fileEncoding = 4; path = sinks.cc; sourceTree = SOURCE_ROOT; };
		5A32B6DC5B8040C69DEF7CD4 /* args.h */ = {isa = PBXFileReference; explicitFileType = sourcecode.c.h; fileEncoding = 4; name = args.h; path = fmt/args.h; sourceTree = SOURCE_ROOT; };
		5E4F6833066E4A3E8C71B386 /* async_logger.cpp */ = {isa = PBXFileReference; explicitFileType = sourcecode.cpp.cpp; fileEncoding = 4; path = async_logger.cpp; sourceTree = SOURCE_ROOT; };
		5FDC736B036546F68EC4157F /* log_msg.h */ = {isa = PBXFileReference; explicitFileType = sourcecode.c.h; fileEncoding = 4; path = log_msg.h; sourceTree = SOURCE_ROOT; };
		61194AC4A8B843838FAB2BAA /* async_logger.hpp */ = {isa = PBXFileReference; explicitFileType = sourcecode.cpp.h; fileEncoding = 4; path = async_logger.hpp; sourceTree = SOURCE_ROOT; };
		658A2E3ECE45414F9BB7C3B1 /* file_helper.hpp */ = {isa = PBXFileReference; explicitFileType = sourcecode.cpp.h; fileEncoding = 4; path = file_helper.hpp; sourceTree = SOURCE_ROOT; };
		6AC5C2FB02A94141B3EC7FD9 /* formatter.hpp */ = {isa = PBXFileReference; explicitFileType = sourcecode.cpp.h; fileEncoding = 4; path = formatter.hpp; sourceTree = SOURCE_ROOT; };
		6DF8E5DE065B4CB2A12BE774 /* pattern_formatter.cpp */ = {isa = PBXFileReference; explicitFileType = sourcecode.cpp.cpp; fileEncoding = 4; path = pattern_formatter.cpp; sourceTree = SOURCE_ROOT; };
		6E83663287F747B096D5FD23 /* pattern_formatter.hpp */ = {isa = PBXFileReference; explicitFileType = sourcecode.cpp.h; fileEncoding = 4; path = pattern_formatter.hpp; sourceTree = SOURCE_ROOT; };
		76AA587F5C67434DACB41067 /* printf.h */ = {isa = PBXFileReference; explicitFileType = sourcecode.c.h; fileEncoding = 4; name = printf.h; path = fmt/printf.h; sourceTree = SOURCE_ROOT; };
		7E1CC51DD70E46C0A571C992 /* file_appender.cpp */ = {isa = PBXFileReference; explicitFileType = sourcecode.cpp.cpp; fileEncoding = 4; path = file_appender.cpp; sourceTree = SOURCE_ROOT; };
		807B4F2ED55646509F41DEE7 /* mpmc_blocking_queue.cpp */ = {isa = PBXFileReference; explicitFileType = sourcecode.cpp.cpp; fileEncoding = 4; path = mpmc_blocking_queue.cpp; sourceTree = SOURCE_ROOT; };
		842F1469BD1046A697DBF382 /* async_msg.cpp */ = {isa = PBXFileReference; explicitFileType = sourcecode.cpp.cpp; fileEncoding = 4; path = async_msg.cpp; sourceTree = SOURCE_ROOT; };
		887ECD499D864DEEB33FDCE9 /* logger.cpp */ = {isa = PBXFileReference; explicitFileType = sourcecode.cpp.cpp; fileEncoding = 4; path = logger.cpp; sourceTree = SOURCE_ROOT; };
		8971F3B626C849BF95E25AFD /* libMXLoggerCore.a */ = {isa = PBXFileReference; explicitFileType = archive.ar; path = libMXLoggerCore.a; sourceTree = BUILT_PRODUCTS_DIR; };
		9260EDF295E2491D8A875BD2 /* os.h */ = {isa = PBXFileReference; explicitFileType = sourcecode.c.h; fileEncoding = 4; name = os.h; path = fmt/os.h; sourceTree = SOURCE_ROOT; };
		92E3FD528AED4E929BBB15B2 /* core.h */ = {isa = PBXFileReference; explicitFileType = sourcecode.c.h; fileEncoding = 4; name = core.h; path = fmt/core.h; sourceTree = SOURCE_ROOT; };
		9475BEC8245A4615977F7C5C /* log_msg_buffer.cpp */ = {isa = PBXFileReference; explicitFileType = sourcecode.cpp.cpp; fileEncoding = 4; path = log_msg_buffer.cpp; sourceTree = SOURCE_ROOT; };
		9C653BCF512B416EB924E632 /* sinks.h */ = {isa = PBXFileReference; explicitFileType = sourcecode.c.h; fileEncoding = 4; path = sinks.h; sourceTree = SOURCE_ROOT; };
		A3EA53A68CC54EF6BA9345DF /* console_sink.cc */ = {isa = PBXFileReference; explicitFileType = sourcecode.cpp.cpp; fileEncoding = 4; path = console_sink.cc; sourceTree = SOURCE_ROOT; };
		A4B3E063862649EE8C8F2F4C /* chrono.h */ = {isa = PBXFileReference; explicitFileType = sourcecode.c.h; fileEncoding = 4; name = chrono.h; path = fmt/chrono.h; sourceTree = SOURCE_ROOT; };
		A6BC858BA6BE4D6CB8DEB121 /* async_msg.hpp */ = {isa = PBXFileReference; explicitFileType = sourcecode.cpp.h; fileEncoding = 4; path = async_msg.hpp; sourceTree = SOURCE_ROOT; };
		AF35C2146AF747CD91A10CB9 /* xchar.h */ = {isa = PBXFileReference; explicitFileType = sourcecode.c.h; fileEncoding = 4; name = xchar.h; path = fmt/xchar.h; sourceTree = SOURCE_ROOT; };
		B4CAECC03F194C61A648C57B /* logger_common.h */ = {isa = PBXFileReference; explicitFileType = sourcecode.c.h; fileEncoding = 4; path = logger_common.h; sourceTree = SOURCE_ROOT; };
		C1F554BD414A4AE19EED1106 /* file_sink.hpp */ = {isa = PBXFileReference; explicitFileType = sourcecode.cpp.h; fileEncoding = 4; path = file_sink.hpp; sourceTree = SOURCE_ROOT; };
		C7D8AEDEB381471C802F6BEF /* format-inl.h */ = {isa = PBXFileReference; explicitFileType = sourcecode.c.h; fileEncoding = 4; name = "format-inl.h"; path = "fmt/format-inl.h"; sourceTree = SOURCE_ROOT; };
		CFF65050BB8341718589FFEE /* os.cc */ = {isa = PBXFileReference; explicitFileType = sourcecode.cpp.cpp; fileEncoding = 4; name = os.cc; path = fmt/os.cc; sourceTree = SOURCE_ROOT; };
		D1DDBF696CB64CF2ADB25F48 /* CMakeLists.txt */ = {isa = PBXFileReference; explicitFileType = sourcecode.text; fileEncoding = 4; lastKnownFileType = text; path = CMakeLists.txt; sourceTree = SOURCE_ROOT; };
		D2E4BF79245549F9A885C06D /* flag_formatter.hpp */ = {isa = PBXFileReference; explicitFileType = sourcecode.cpp.h; fileEncoding = 4; path = flag_formatter.hpp; sourceTree = SOURCE_ROOT; };
		D7A192E21D3D4C8A9B3FE776 /* file_helper.cpp */ = {isa = PBXFileReference; explicitFileType = sourcecode.cpp.cpp; fileEncoding = 4; path = file_helper.cpp; sourceTree = SOURCE_ROOT; };
		D8C69CBD7AAA40519D576AB0 /* file_appender.hpp */ = {isa = PBXFileReference; explicitFileType = sourcecode.cpp.h; fileEncoding = 4; path = file_appender.hpp; sourceTree = SOURCE_ROOT; };
		DB10DB2794C84DD5A3921B6A /* logger_os.cpp */ = {isa = PBXFileReference; explicitFileType = sourcecode.cpp.cpp; fileEncoding = 4; path = logger_os.cpp; sourceTree = SOURCE_ROOT; };
		DF9EE5BB720A4E66833D66DE /* formatter.cpp */ = {isa = PBXFileReference; explicitFileType = sourcecode.cpp.cpp; fileEncoding = 4; path = formatter.cpp; sourceTree = SOURCE_ROOT; };
		E2D22027D35D4531BB444D69 /* locale.h */ = {isa = PBXFileReference; explicitFileType = sourcecode.c.h; fileEncoding = 4; name = locale.h; path = fmt/locale.h; sourceTree = SOURCE_ROOT; };
		E58801B0980E415584ABA90C /* log_msg.cc */ = {isa = PBXFileReference; explicitFileType = sourcecode.cpp.cpp; fileEncoding = 4; path = log_msg.cc; sourceTree = SOURCE_ROOT; };
		E7179C5A5B304326AFCF0C02 /* logger_os.hpp */ = {isa = PBXFileReference; explicitFileType = sourcecode.cpp.h; fileEncoding = 4; path = logger_os.hpp; sourceTree = SOURCE_ROOT; };
		EDAE7D0D7060466F8EE82C67 /* compile.h */ = {isa = PBXFileReference; explicitFileType = sourcecode.c.h; fileEncoding = 4; name = compile.h; path = fmt/compile.h; sourceTree = SOURCE_ROOT; };
		F40D354FC05640348AFFF95B /* format.cc */ = {isa = PBXFileReference; explicitFileType = sourcecode.cpp.cpp; fileEncoding = 4; name = format.cc; path = fmt/format.cc; sourceTree = SOURCE_ROOT; };
		F6DF1E21D71449B98E722EC4 /* ranges.h */ = {isa = PBXFileReference; explicitFileType = sourcecode.c.h; fileEncoding = 4; name = ranges.h; path = fmt/ranges.h; sourceTree = SOURCE_ROOT; };
		F710F1B6AEBD462CAB485363 /* color.h */ = {isa = PBXFileReference; explicitFileType = sourcecode.c.h; fileEncoding = 4; name = color.h; path = fmt/color.h; sourceTree = SOURCE_ROOT; };
		FA52B50EB1A34798A246BD6B /* format.h */ = {isa = PBXFileReference; explicitFileType = sourcecode.c.h; fileEncoding = 4; name = format.h; path = fmt/format.h; sourceTree = SOURCE_ROOT; };
		FBCE950CA62442048CEF74F7 /* logger.hpp */ = {isa = PBXFileReference; explicitFileType = sourcecode.cpp.h; fileEncoding = 4; path = logger.hpp; sourceTree = SOURCE_ROOT; };
		FBFC7EA154D04F3CAA012325 /* mpmc_blocking_queue.hpp */ = {isa = PBXFileReference; explicitFileType = sourcecode.cpp.h; fileEncoding = 4; path = mpmc_blocking_queue.hpp; sourceTree = SOURCE_ROOT; };
/* End PBXFileReference section */

/* Begin PBXFrameworksBuildPhase section */
		CB40E2FCC20C4C89BBA25D5E /* Frameworks */ = {
			isa = PBXFrameworksBuildPhase;
			buildActionMask = 2147483647;
			files = (
			);
			runOnlyForDeploymentPostprocessing = 0;
		};
/* End PBXFrameworksBuildPhase section */

/* Begin PBXGroup section */
		02D287CC3CFA4F1B92EBF5B9 /* MXLoggerCore */ = {
			isa = PBXGroup;
			children = (
				D8040C7EA5234443A54F9113 /* Source Files */,
				906A91E670524FFDBFA0B61F /* Header Files */,
				7C36225BD64246BBB69F3F2B /* Resources */,
				D1DDBF696CB64CF2ADB25F48 /* CMakeLists.txt */,
			);
			name = MXLoggerCore;
			sourceTree = "<group>";
		};
		1119A7C6D7F643B8ACFBD989 /* ALL_BUILD */ = {
			isa = PBXGroup;
			children = (
				2C4AAE0F6A884A4E84587957 /* CMake Rules */,
				2FEE511429204B8CAA38D438 /* CMakeLists.txt */,
			);
			name = ALL_BUILD;
			sourceTree = "<group>";
		};
		2C4AAE0F6A884A4E84587957 /* CMake Rules */ = {
			isa = PBXGroup;
			children = (
			);
			name = "CMake Rules";
			sourceTree = "<group>";
		};
		2C910B30C6224847BD6CE44E = {
			isa = PBXGroup;
			children = (
				02D287CC3CFA4F1B92EBF5B9 /* MXLoggerCore */,
				1119A7C6D7F643B8ACFBD989 /* ALL_BUILD */,
				AC8EEF8AE53A4F8EB137D4AD /* Products */,
				C686D078CE8F4FEFBBCC6AA3 /* Frameworks */,
			);
			sourceTree = "<group>";
		};
		7C36225BD64246BBB69F3F2B /* Resources */ = {
			isa = PBXGroup;
			children = (
				4372E306EE3140029665949F /* Info.plist */,
			);
			name = Resources;
			sourceTree = "<group>";
		};
		906A91E670524FFDBFA0B61F /* Header Files */ = {
			isa = PBXGroup;
			children = (
				61194AC4A8B843838FAB2BAA /* async_logger.hpp */,
				A6BC858BA6BE4D6CB8DEB121 /* async_msg.hpp */,
				16F6EBE5B03F4C5D984B1645 /* console_sink.h */,
				D8C69CBD7AAA40519D576AB0 /* file_appender.hpp */,
				658A2E3ECE45414F9BB7C3B1 /* file_helper.hpp */,
				C1F554BD414A4AE19EED1106 /* file_sink.hpp */,
				D2E4BF79245549F9A885C06D /* flag_formatter.hpp */,
				5A32B6DC5B8040C69DEF7CD4 /* args.h */,
				A4B3E063862649EE8C8F2F4C /* chrono.h */,
				F710F1B6AEBD462CAB485363 /* color.h */,
				EDAE7D0D7060466F8EE82C67 /* compile.h */,
				92E3FD528AED4E929BBB15B2 /* core.h */,
				C7D8AEDEB381471C802F6BEF /* format-inl.h */,
				FA52B50EB1A34798A246BD6B /* format.h */,
				E2D22027D35D4531BB444D69 /* locale.h */,
				9260EDF295E2491D8A875BD2 /* os.h */,
				19A8458EA8B94857867D22A9 /* ostream.h */,
				76AA587F5C67434DACB41067 /* printf.h */,
				F6DF1E21D71449B98E722EC4 /* ranges.h */,
				AF35C2146AF747CD91A10CB9 /* xchar.h */,
				410FA2BA5A814026AF4F739C /* fmt_helper.h */,
				6AC5C2FB02A94141B3EC7FD9 /* formatter.hpp */,
				5FDC736B036546F68EC4157F /* log_msg.h */,
				1A5AE5F6A6CD48E9B3C9C76B /* log_msg_buffer.hpp */,
				FBCE950CA62442048CEF74F7 /* logger.hpp */,
				B4CAECC03F194C61A648C57B /* logger_common.h */,
				10E421E40CF6487F9CFF1204 /* logger_enum.h */,
				2D813CB10B7E4AF9A2DD2863 /* mxlogger_manager.hpp */,
				E7179C5A5B304326AFCF0C02 /* logger_os.hpp */,
				FBFC7EA154D04F3CAA012325 /* mpmc_blocking_queue.hpp */,
				6E83663287F747B096D5FD23 /* pattern_formatter.hpp */,
				9C653BCF512B416EB924E632 /* sinks.h */,
				4A843ABA3FA94CE6B1282B2C /* thread_pool.hpp */,
			);
			name = "Header Files";
			sourceTree = "<group>";
		};
		AC8EEF8AE53A4F8EB137D4AD /* Products */ = {
			isa = PBXGroup;
			children = (
				8971F3B626C849BF95E25AFD /* libMXLoggerCore.a */,
			);
			name = Products;
			sourceTree = "<group>";
		};
		C686D078CE8F4FEFBBCC6AA3 /* Frameworks */ = {
			isa = PBXGroup;
			children = (
			);
			name = Frameworks;
			sourceTree = "<group>";
		};
		D8040C7EA5234443A54F9113 /* Source Files */ = {
			isa = PBXGroup;
			children = (
				5E4F6833066E4A3E8C71B386 /* async_logger.cpp */,
				842F1469BD1046A697DBF382 /* async_msg.cpp */,
				A3EA53A68CC54EF6BA9345DF /* console_sink.cc */,
				7E1CC51DD70E46C0A571C992 /* file_appender.cpp */,
				D7A192E21D3D4C8A9B3FE776 /* file_helper.cpp */,
				57C3FB96BE5345829B4E583A /* file_sink.cpp */,
				13759C66E1A944E787D36566 /* flag_formatter.cpp */,
				F40D354FC05640348AFFF95B /* format.cc */,
				CFF65050BB8341718589FFEE /* os.cc */,
				DF9EE5BB720A4E66833D66DE /* formatter.cpp */,
				E58801B0980E415584ABA90C /* log_msg.cc */,
				9475BEC8245A4615977F7C5C /* log_msg_buffer.cpp */,
				887ECD499D864DEEB33FDCE9 /* logger.cpp */,
				32906EDBAEC94828A80B42C9 /* mxlogger_manager.cpp */,
				DB10DB2794C84DD5A3921B6A /* logger_os.cpp */,
				807B4F2ED55646509F41DEE7 /* mpmc_blocking_queue.cpp */,
				6DF8E5DE065B4CB2A12BE774 /* pattern_formatter.cpp */,
				59F56C88E81641BD9B00BC4C /* sinks.cc */,
				0156E520ADF6413BABD29647 /* thread_pool.cpp */,
			);
			name = "Source Files";
			sourceTree = "<group>";
		};
/* End PBXGroup section */

/* Begin PBXNativeTarget section */
		4079F6F4866545BC813E16C7 /* MXLoggerCore */ = {
			isa = PBXNativeTarget;
			buildConfigurationList = 49EF18986708467BAEB1DDC4 /* Build configuration list for PBXNativeTarget "MXLoggerCore" */;
			buildPhases = (
				614A2D908AD84F929E2DDFBD /* Sources */,
				CB40E2FCC20C4C89BBA25D5E /* Frameworks */,
				BD6286D727EB299100362E4C /* CopyFiles */,
			);
			buildRules = (
			);
			dependencies = (
			);
			name = MXLoggerCore;
			productName = MXLoggerCore;
			productReference = 8971F3B626C849BF95E25AFD /* libMXLoggerCore.a */;
			productType = "com.apple.product-type.library.static";
		};
/* End PBXNativeTarget section */

/* Begin PBXProject section */
		057A832402F9428084E66C94 /* Project object */ = {
			isa = PBXProject;
			attributes = {
				LastUpgradeCheck = 1240;
				TargetAttributes = {
					4079F6F4866545BC813E16C7 = {
						DevelopmentTeam = UBX9CH9GDX;
					};
				};
			};
			buildConfigurationList = B6BD0769939845F6A6018958 /* Build configuration list for PBXProject "MXLoggerCore" */;
			compatibilityVersion = "Xcode 3.2";
			developmentRegion = en;
			hasScannedForEncodings = 0;
			knownRegions = (
				en,
				Base,
			);
			mainGroup = 2C910B30C6224847BD6CE44E;
			projectDirPath = ../;
			projectRoot = "";
			targets = (
				4079F6F4866545BC813E16C7 /* MXLoggerCore */,
			);
		};
/* End PBXProject section */

/* Begin PBXSourcesBuildPhase section */
		614A2D908AD84F929E2DDFBD /* Sources */ = {
			isa = PBXSourcesBuildPhase;
			buildActionMask = 2147483647;
			files = (
				549D8BEAA4D644D4BDE6B993 /* async_logger.cpp in Sources */,
				D478848162D64A9DA04368DE /* async_msg.cpp in Sources */,
				50D9E8FEE0B44950A0505FDA /* console_sink.cc in Sources */,
				0FF9FB3090FD44D491F15DEC /* file_appender.cpp in Sources */,
				A93F95A59E8F49F7B2853333 /* file_helper.cpp in Sources */,
				BF098301C1E345DC9AF475AA /* file_sink.cpp in Sources */,
				819DC5B01F53454C9B9D1287 /* flag_formatter.cpp in Sources */,
				2A4F1D4CE2D44E7EBC9B3875 /* format.cc in Sources */,
				E3F774DB47ED4FFDABAA4DA0 /* os.cc in Sources */,
				CE4C7D893D4F4E36B81D7F3F /* formatter.cpp in Sources */,
				E3ABE1F78997446FBDBF86F0 /* log_msg.cc in Sources */,
				8460167A4CC54937AAE74B1A /* log_msg_buffer.cpp in Sources */,
				0F76CDD12AD24E7BB890C6B6 /* logger.cpp in Sources */,
				33CB6489E1174BC2BF99B692 /* mxlogger_manager.cpp in Sources */,
				A14A73B7081542DE91666CA6 /* logger_os.cpp in Sources */,
				90E0704D3BDA4BF58781A0C9 /* mpmc_blocking_queue.cpp in Sources */,
				031AC9388DC0464FB6CA4ED3 /* pattern_formatter.cpp in Sources */,
				C55F212C969B451CBF2CD390 /* sinks.cc in Sources */,
				A30E2AA924A64101AEE562AB /* thread_pool.cpp in Sources */,
			);
			runOnlyForDeploymentPostprocessing = 0;
		};
/* End PBXSourcesBuildPhase section */

/* Begin XCBuildConfiguration section */
		1D46BF7120E34B66A4504670 /* RelWithDebInfo */ = {
			isa = XCBuildConfiguration;
			buildSettings = {
				ARCHS = arm64;
				COMBINE_HIDPI_IMAGES = YES;
				EXECUTABLE_PREFIX = lib;
				EXECUTABLE_SUFFIX = .a;
				GCC_GENERATE_DEBUGGING_SYMBOLS = YES;
				GCC_INLINES_ARE_PRIVATE_EXTERN = NO;
				GCC_OPTIMIZATION_LEVEL = 2;
				GCC_PREPROCESSOR_DEFINITIONS = (
					"'CMAKE_INTDIR=\"$(CONFIGURATION)$(EFFECTIVE_PLATFORM_NAME)\"'",
					FORCE_POSIX,
					"$(inherited)",
				);
				GCC_SYMBOLS_PRIVATE_EXTERN = NO;
				HEADER_SEARCH_PATHS = (
					/Users/dongjiayi/Documents/github/BlingLogger/Core,
					"$(inherited)",
				);
				INSTALL_PATH = "";
				LIBRARY_STYLE = STATIC;
				ONLY_ACTIVE_ARCH = NO;
				OTHER_CPLUSPLUSFLAGS = (
					"-DNDEBUG",
					"-fPIC",
					"'-std=c++17'",
				);
				OTHER_LIBTOOLFLAGS = "";
				OTHER_REZFLAGS = "";
				PRODUCT_NAME = MXLoggerCore;
				SECTORDER_FLAGS = "";
				SYMROOT = "/Users/dongjiayi/Documents/github/BlingLogger/Core/build-ios";
				USE_HEADERMAP = NO;
				WARNING_CFLAGS = "$(inherited)";
			};
			name = RelWithDebInfo;
		};
		6DACCBFE2517404B87853A49 /* RelWithDebInfo */ = {
			isa = XCBuildConfiguration;
			buildSettings = {
				ARCHS = arm64;
				"ARCHS[sdk=iphoneos*]" = arm64;
				BITCODE_GENERATION_MODE = bitcode;
				CLANG_ENABLE_OBJC_ARC = YES;
				CODE_SIGNING_REQUIRED = NO;
				DEVELOPMENT_TEAM = UBX9CH9GDX;
				ENABLE_BITCODE = YES;
				GCC_SYMBOLS_PRIVATE_EXTERN = NO;
				IPHONEOS_DEPLOYMENT_TARGET = 12.2;
				SDKROOT = /Applications/Xcode.app/Contents/Developer/Platforms/iPhoneOS.platform/Developer/SDKs/iPhoneOS14.4.sdk;
				SYMROOT = "/Users/dongjiayi/Documents/github/BlingLogger/Core/build-ios/build";
				"VALID_ARCHS[sdk=iphoneos*]" = arm64;
			};
			name = RelWithDebInfo;
		};
		7BC09BA3C3EF46F7A0334326 /* Release */ = {
			isa = XCBuildConfiguration;
			buildSettings = {
				ARCHS = arm64;
				"ARCHS[sdk=iphoneos*]" = arm64;
				BITCODE_GENERATION_MODE = bitcode;
				CLANG_ENABLE_OBJC_ARC = YES;
				CODE_SIGNING_REQUIRED = NO;
				DEVELOPMENT_TEAM = UBX9CH9GDX;
				ENABLE_BITCODE = YES;
				GCC_SYMBOLS_PRIVATE_EXTERN = NO;
				IPHONEOS_DEPLOYMENT_TARGET = 12.2;
				SDKROOT = /Applications/Xcode.app/Contents/Developer/Platforms/iPhoneOS.platform/Developer/SDKs/iPhoneOS14.4.sdk;
				SYMROOT = "/Users/dongjiayi/Documents/github/BlingLogger/Core/build-ios/build";
				"VALID_ARCHS[sdk=iphoneos*]" = arm64;
			};
			name = Release;
		};
		A2E72C74897841F1872B9D14 /* Debug */ = {
			isa = XCBuildConfiguration;
			buildSettings = {
				ARCHS = arm64;
				"ARCHS[sdk=iphoneos*]" = arm64;
				BITCODE_GENERATION_MODE = bitcode;
				CLANG_ENABLE_OBJC_ARC = YES;
				CODE_SIGNING_REQUIRED = NO;
				DEVELOPMENT_TEAM = UBX9CH9GDX;
				ENABLE_BITCODE = YES;
				GCC_SYMBOLS_PRIVATE_EXTERN = NO;
				IPHONEOS_DEPLOYMENT_TARGET = 12.2;
				SDKROOT = /Applications/Xcode.app/Contents/Developer/Platforms/iPhoneOS.platform/Developer/SDKs/iPhoneOS14.4.sdk;
				SYMROOT = "/Users/dongjiayi/Documents/github/BlingLogger/Core/build-ios/build";
				"VALID_ARCHS[sdk=iphoneos*]" = arm64;
			};
			name = Debug;
		};
		A76D193CAA5B422BB35C4215 /* MinSizeRel */ = {
			isa = XCBuildConfiguration;
			buildSettings = {
				ARCHS = arm64;
				"ARCHS[sdk=iphoneos*]" = arm64;
				BITCODE_GENERATION_MODE = bitcode;
				CLANG_ENABLE_OBJC_ARC = YES;
				CODE_SIGNING_REQUIRED = NO;
				DEVELOPMENT_TEAM = UBX9CH9GDX;
				ENABLE_BITCODE = YES;
				GCC_SYMBOLS_PRIVATE_EXTERN = NO;
				IPHONEOS_DEPLOYMENT_TARGET = 12.2;
				SDKROOT = /Applications/Xcode.app/Contents/Developer/Platforms/iPhoneOS.platform/Developer/SDKs/iPhoneOS14.4.sdk;
				SYMROOT = "/Users/dongjiayi/Documents/github/BlingLogger/Core/build-ios/build";
				"VALID_ARCHS[sdk=iphoneos*]" = arm64;
			};
			name = MinSizeRel;
		};
		C40E917D239D4F55B3CB6CAD /* Release */ = {
			isa = XCBuildConfiguration;
			buildSettings = {
				ARCHS = arm64;
				COMBINE_HIDPI_IMAGES = YES;
				EXECUTABLE_PREFIX = lib;
				EXECUTABLE_SUFFIX = .a;
				GCC_GENERATE_DEBUGGING_SYMBOLS = NO;
				GCC_INLINES_ARE_PRIVATE_EXTERN = NO;
				GCC_OPTIMIZATION_LEVEL = 3;
				GCC_PREPROCESSOR_DEFINITIONS = (
					"'CMAKE_INTDIR=\"$(CONFIGURATION)$(EFFECTIVE_PLATFORM_NAME)\"'",
					FORCE_POSIX,
					"$(inherited)",
				);
				GCC_SYMBOLS_PRIVATE_EXTERN = NO;
				HEADER_SEARCH_PATHS = (
					/Users/dongjiayi/Documents/github/BlingLogger/Core,
					"$(inherited)",
				);
				INSTALL_PATH = "";
				LIBRARY_STYLE = STATIC;
				ONLY_ACTIVE_ARCH = NO;
				OTHER_CPLUSPLUSFLAGS = (
					"-DNDEBUG",
					"-fPIC",
					"'-std=c++17'",
				);
				OTHER_LIBTOOLFLAGS = "";
				OTHER_REZFLAGS = "";
				PRODUCT_NAME = MXLoggerCore;
				SECTORDER_FLAGS = "";
				SYMROOT = "/Users/dongjiayi/Documents/github/BlingLogger/Core/build-ios";
				USE_HEADERMAP = NO;
				WARNING_CFLAGS = "$(inherited)";
			};
			name = Release;
		};
		CA402170EB8340E2B56135F3 /* Debug */ = {
			isa = XCBuildConfiguration;
			buildSettings = {
				ARCHS = arm64;
				COMBINE_HIDPI_IMAGES = YES;
				EXECUTABLE_PREFIX = lib;
				EXECUTABLE_SUFFIX = .a;
				GCC_GENERATE_DEBUGGING_SYMBOLS = YES;
				GCC_INLINES_ARE_PRIVATE_EXTERN = NO;
				GCC_OPTIMIZATION_LEVEL = 0;
				GCC_PREPROCESSOR_DEFINITIONS = (
					"'CMAKE_INTDIR=\"$(CONFIGURATION)$(EFFECTIVE_PLATFORM_NAME)\"'",
					FORCE_POSIX,
					"$(inherited)",
				);
				GCC_SYMBOLS_PRIVATE_EXTERN = NO;
				HEADER_SEARCH_PATHS = (
					/Users/dongjiayi/Documents/github/BlingLogger/Core,
					"$(inherited)",
				);
				INSTALL_PATH = "";
				LIBRARY_STYLE = STATIC;
				ONLY_ACTIVE_ARCH = NO;
				OTHER_CPLUSPLUSFLAGS = (
					"-fPIC",
					"'-std=c++17'",
				);
				OTHER_LIBTOOLFLAGS = "";
				OTHER_REZFLAGS = "";
				PRODUCT_NAME = MXLoggerCore;
				SECTORDER_FLAGS = "";
				SYMROOT = "/Users/dongjiayi/Documents/github/BlingLogger/Core/build-ios";
				USE_HEADERMAP = NO;
				WARNING_CFLAGS = "$(inherited)";
			};
			name = Debug;
		};
		DF018F83E4E54AF0A3848EF6 /* MinSizeRel */ = {
			isa = XCBuildConfiguration;
			buildSettings = {
				ARCHS = arm64;
				COMBINE_HIDPI_IMAGES = YES;
				EXECUTABLE_PREFIX = lib;
				EXECUTABLE_SUFFIX = .a;
				GCC_GENERATE_DEBUGGING_SYMBOLS = NO;
				GCC_INLINES_ARE_PRIVATE_EXTERN = NO;
				GCC_OPTIMIZATION_LEVEL = s;
				GCC_PREPROCESSOR_DEFINITIONS = (
					"'CMAKE_INTDIR=\"$(CONFIGURATION)$(EFFECTIVE_PLATFORM_NAME)\"'",
					FORCE_POSIX,
					"$(inherited)",
				);
				GCC_SYMBOLS_PRIVATE_EXTERN = NO;
				HEADER_SEARCH_PATHS = (
					/Users/dongjiayi/Documents/github/BlingLogger/Core,
					"$(inherited)",
				);
				INSTALL_PATH = "";
				LIBRARY_STYLE = STATIC;
				ONLY_ACTIVE_ARCH = NO;
				OTHER_CPLUSPLUSFLAGS = (
					"-DNDEBUG",
					"-fPIC",
					"'-std=c++17'",
				);
				OTHER_LIBTOOLFLAGS = "";
				OTHER_REZFLAGS = "";
				PRODUCT_NAME = MXLoggerCore;
				SECTORDER_FLAGS = "";
				SYMROOT = "/Users/dongjiayi/Documents/github/BlingLogger/Core/build-ios";
				USE_HEADERMAP = NO;
				WARNING_CFLAGS = "$(inherited)";
			};
			name = MinSizeRel;
		};
/* End XCBuildConfiguration section */

/* Begin XCConfigurationList section */
		49EF18986708467BAEB1DDC4 /* Build configuration list for PBXNativeTarget "MXLoggerCore" */ = {
			isa = XCConfigurationList;
			buildConfigurations = (
				CA402170EB8340E2B56135F3 /* Debug */,
				C40E917D239D4F55B3CB6CAD /* Release */,
				DF018F83E4E54AF0A3848EF6 /* MinSizeRel */,
				1D46BF7120E34B66A4504670 /* RelWithDebInfo */,
			);
			defaultConfigurationIsVisible = 0;
			defaultConfigurationName = Debug;
		};
		B6BD0769939845F6A6018958 /* Build configuration list for PBXProject "MXLoggerCore" */ = {
			isa = XCConfigurationList;
			buildConfigurations = (
				A2E72C74897841F1872B9D14 /* Debug */,
				7BC09BA3C3EF46F7A0334326 /* Release */,
				A76D193CAA5B422BB35C4215 /* MinSizeRel */,
				6DACCBFE2517404B87853A49 /* RelWithDebInfo */,
			);
			defaultConfigurationIsVisible = 0;
			defaultConfigurationName = Debug;
		};
/* End XCConfigurationList section */
	};
	rootObject = 057A832402F9428084E66C94 /* Project object */;
}
