// !$*UTF8*$!
{
	archiveVersion = 1;
	classes = {
	};
	objectVersion = 50;
	objects = {

/* Begin PBXBuildFile section */
		BD0DDFF628449DDF0090439D /* memory_mmap.cpp in Sources */ = {isa = PBXBuildFile; fileRef = BD0DDFF328449DDF0090439D /* memory_mmap.cpp */; };
		BD0DDFF728449DDF0090439D /* mmap_sink.cpp in Sources */ = {isa = PBXBuildFile; fileRef = BD0DDFF428449DDF0090439D /* mmap_sink.cpp */; };
		BD12BD192826513A00BA6D5B /* mxlogger_util.cpp in Sources */ = {isa = PBXBuildFile; fileRef = BD12BD172826513A00BA6D5B /* mxlogger_util.cpp */; };
		BD12BD1A2826544200BA6D5B /* mxlogger_util.hpp in CopyFiles */ = {isa = PBXBuildFile; fileRef = BD12BD182826513A00BA6D5B /* mxlogger_util.hpp */; };
		BD7BA73628082EA600EDA6AC /* console_sink.cpp in Sources */ = {isa = PBXBuildFile; fileRef = BD7BA72228082EA600EDA6AC /* console_sink.cpp */; };
		BD7BA73728082EA600EDA6AC /* logger_os.cpp in Sources */ = {isa = PBXBuildFile; fileRef = BD7BA72528082EA600EDA6AC /* logger_os.cpp */; };
		BD7BA73828082EA600EDA6AC /* mxlogger.cpp in Sources */ = {isa = PBXBuildFile; fileRef = BD7BA72628082EA600EDA6AC /* mxlogger.cpp */; };
		BD7BA73A28082EA600EDA6AC /* mx_file.cpp in Sources */ = {isa = PBXBuildFile; fileRef = BD7BA72D28082EA600EDA6AC /* mx_file.cpp */; };
		BD7BA73B28082EA600EDA6AC /* log_msg.cpp in Sources */ = {isa = PBXBuildFile; fileRef = BD7BA72E28082EA600EDA6AC /* log_msg.cpp */; };
		BD7BA73C28082EA600EDA6AC /* flag_formatter.cpp in Sources */ = {isa = PBXBuildFile; fileRef = BD7BA73028082EA600EDA6AC /* flag_formatter.cpp */; };
		BD7BA73D28082EA600EDA6AC /* file_sink.cpp in Sources */ = {isa = PBXBuildFile; fileRef = BD7BA73128082EA600EDA6AC /* file_sink.cpp */; };
		BD7BA73E28082EA600EDA6AC /* pattern_formatter.cpp in Sources */ = {isa = PBXBuildFile; fileRef = BD7BA73228082EA600EDA6AC /* pattern_formatter.cpp */; };
		BD7BA73F28082EA600EDA6AC /* sink.cpp in Sources */ = {isa = PBXBuildFile; fileRef = BD7BA73328082EA600EDA6AC /* sink.cpp */; };
		BD7BA77528096BFD00EDA6AC /* mxlogger.hpp in CopyFiles */ = {isa = PBXBuildFile; fileRef = BD7BA72728082EA600EDA6AC /* mxlogger.hpp */; };
		BDA28454280D778E00C833A3 /* md5.c in Sources */ = {isa = PBXBuildFile; fileRef = BDA28453280D778E00C833A3 /* md5.c */; };
		BDD1CA8328236876009B94D7 /* cJSON.c in Sources */ = {isa = PBXBuildFile; fileRef = BDD1CA8228236876009B94D7 /* cJSON.c */; };
/* End PBXBuildFile section */

/* Begin PBXCopyFilesBuildPhase section */
		BD406D9527F19C76002C76D5 /* CopyFiles */ = {
			isa = PBXCopyFilesBuildPhase;
			buildActionMask = 2147483647;
			dstPath = "include/$(PRODUCT_NAME)";
			dstSubfolderSpec = 16;
			files = (
				BD12BD1A2826544200BA6D5B /* mxlogger_util.hpp in CopyFiles */,
				BD7BA77528096BFD00EDA6AC /* mxlogger.hpp in CopyFiles */,
			);
			runOnlyForDeploymentPostprocessing = 0;
		};
/* End PBXCopyFilesBuildPhase section */

/* Begin PBXFileReference section */
		BD0DDFF228449DDF0090439D /* memory_mmap.hpp */ = {isa = PBXFileReference; fileEncoding = 4; lastKnownFileType = sourcecode.cpp.h; path = memory_mmap.hpp; sourceTree = "<group>"; };
		BD0DDFF328449DDF0090439D /* memory_mmap.cpp */ = {isa = PBXFileReference; fileEncoding = 4; lastKnownFileType = sourcecode.cpp.cpp; path = memory_mmap.cpp; sourceTree = "<group>"; };
		BD0DDFF428449DDF0090439D /* mmap_sink.cpp */ = {isa = PBXFileReference; fileEncoding = 4; lastKnownFileType = sourcecode.cpp.cpp; path = mmap_sink.cpp; sourceTree = "<group>"; };
		BD0DDFF528449DDF0090439D /* mmap_sink.hpp */ = {isa = PBXFileReference; fileEncoding = 4; lastKnownFileType = sourcecode.cpp.h; path = mmap_sink.hpp; sourceTree = "<group>"; };
		BD12BD172826513A00BA6D5B /* mxlogger_util.cpp */ = {isa = PBXFileReference; lastKnownFileType = sourcecode.cpp.cpp; path = mxlogger_util.cpp; sourceTree = "<group>"; };
		BD12BD182826513A00BA6D5B /* mxlogger_util.hpp */ = {isa = PBXFileReference; lastKnownFileType = sourcecode.cpp.h; path = mxlogger_util.hpp; sourceTree = "<group>"; };
		BD406D9727F19C76002C76D5 /* libMXLoggerCore.a */ = {isa = PBXFileReference; explicitFileType = archive.ar; includeInIndex = 0; path = libMXLoggerCore.a; sourceTree = BUILT_PRODUCTS_DIR; };
		BD7BA72028082EA600EDA6AC /* logger_os.hpp */ = {isa = PBXFileReference; fileEncoding = 4; lastKnownFileType = sourcecode.cpp.h; path = logger_os.hpp; sourceTree = "<group>"; };
		BD7BA72128082EA600EDA6AC /* sink.hpp */ = {isa = PBXFileReference; fileEncoding = 4; lastKnownFileType = sourcecode.cpp.h; path = sink.hpp; sourceTree = "<group>"; };
		BD7BA72228082EA600EDA6AC /* console_sink.cpp */ = {isa = PBXFileReference; fileEncoding = 4; lastKnownFileType = sourcecode.cpp.cpp; path = console_sink.cpp; sourceTree = "<group>"; };
		BD7BA72328082EA600EDA6AC /* log_msg.hpp */ = {isa = PBXFileReference; fileEncoding = 4; lastKnownFileType = sourcecode.cpp.h; path = log_msg.hpp; sourceTree = "<group>"; };
		BD7BA72428082EA600EDA6AC /* pattern_formatter.hpp */ = {isa = PBXFileReference; fileEncoding = 4; lastKnownFileType = sourcecode.cpp.h; path = pattern_formatter.hpp; sourceTree = "<group>"; };
		BD7BA72528082EA600EDA6AC /* logger_os.cpp */ = {isa = PBXFileReference; fileEncoding = 4; lastKnownFileType = sourcecode.cpp.cpp; path = logger_os.cpp; sourceTree = "<group>"; };
		BD7BA72628082EA600EDA6AC /* mxlogger.cpp */ = {isa = PBXFileReference; fileEncoding = 4; lastKnownFileType = sourcecode.cpp.cpp; path = mxlogger.cpp; sourceTree = "<group>"; };
		BD7BA72728082EA600EDA6AC /* mxlogger.hpp */ = {isa = PBXFileReference; fileEncoding = 4; lastKnownFileType = sourcecode.cpp.h; path = mxlogger.hpp; sourceTree = "<group>"; };
		BD7BA72928082EA600EDA6AC /* file_sink.hpp */ = {isa = PBXFileReference; fileEncoding = 4; lastKnownFileType = sourcecode.cpp.h; path = file_sink.hpp; sourceTree = "<group>"; };
		BD7BA72A28082EA600EDA6AC /* mx_file.hpp */ = {isa = PBXFileReference; fileEncoding = 4; lastKnownFileType = sourcecode.cpp.h; path = mx_file.hpp; sourceTree = "<group>"; };
		BD7BA72B28082EA600EDA6AC /* mxlogger_helper.hpp */ = {isa = PBXFileReference; fileEncoding = 4; lastKnownFileType = sourcecode.cpp.h; path = mxlogger_helper.hpp; sourceTree = "<group>"; };
		BD7BA72D28082EA600EDA6AC /* mx_file.cpp */ = {isa = PBXFileReference; fileEncoding = 4; lastKnownFileType = sourcecode.cpp.cpp; path = mx_file.cpp; sourceTree = "<group>"; };
		BD7BA72E28082EA600EDA6AC /* log_msg.cpp */ = {isa = PBXFileReference; fileEncoding = 4; lastKnownFileType = sourcecode.cpp.cpp; path = log_msg.cpp; sourceTree = "<group>"; };
		BD7BA72F28082EA600EDA6AC /* flag_formatter.hpp */ = {isa = PBXFileReference; fileEncoding = 4; lastKnownFileType = sourcecode.cpp.h; path = flag_formatter.hpp; sourceTree = "<group>"; };
		BD7BA73028082EA600EDA6AC /* flag_formatter.cpp */ = {isa = PBXFileReference; fileEncoding = 4; lastKnownFileType = sourcecode.cpp.cpp; path = flag_formatter.cpp; sourceTree = "<group>"; };
		BD7BA73128082EA600EDA6AC /* file_sink.cpp */ = {isa = PBXFileReference; fileEncoding = 4; lastKnownFileType = sourcecode.cpp.cpp; path = file_sink.cpp; sourceTree = "<group>"; };
		BD7BA73228082EA600EDA6AC /* pattern_formatter.cpp */ = {isa = PBXFileReference; fileEncoding = 4; lastKnownFileType = sourcecode.cpp.cpp; path = pattern_formatter.cpp; sourceTree = "<group>"; };
		BD7BA73328082EA600EDA6AC /* sink.cpp */ = {isa = PBXFileReference; fileEncoding = 4; lastKnownFileType = sourcecode.cpp.cpp; path = sink.cpp; sourceTree = "<group>"; };
		BD7BA73428082EA600EDA6AC /* console_sink.hpp */ = {isa = PBXFileReference; fileEncoding = 4; lastKnownFileType = sourcecode.cpp.h; path = console_sink.hpp; sourceTree = "<group>"; };
		BD7BA73528082EA600EDA6AC /* log_enum.h */ = {isa = PBXFileReference; fileEncoding = 4; lastKnownFileType = sourcecode.c.h; path = log_enum.h; sourceTree = "<group>"; };
		BDA28452280D778E00C833A3 /* md5.h */ = {isa = PBXFileReference; fileEncoding = 4; lastKnownFileType = sourcecode.c.h; path = md5.h; sourceTree = "<group>"; };
		BDA28453280D778E00C833A3 /* md5.c */ = {isa = PBXFileReference; fileEncoding = 4; lastKnownFileType = sourcecode.c.c; path = md5.c; sourceTree = "<group>"; };
		BDD1CA8128236876009B94D7 /* cJSON.h */ = {isa = PBXFileReference; fileEncoding = 4; lastKnownFileType = sourcecode.c.h; path = cJSON.h; sourceTree = "<group>"; };
		BDD1CA8228236876009B94D7 /* cJSON.c */ = {isa = PBXFileReference; fileEncoding = 4; lastKnownFileType = sourcecode.c.c; path = cJSON.c; sourceTree = "<group>"; };
		BDD1CA872823A53F009B94D7 /* mxlogger_file_util.hpp */ = {isa = PBXFileReference; fileEncoding = 4; lastKnownFileType = sourcecode.cpp.h; path = mxlogger_file_util.hpp; sourceTree = "<group>"; };
/* End PBXFileReference section */

/* Begin PBXFrameworksBuildPhase section */
		BD406D9427F19C76002C76D5 /* Frameworks */ = {
			isa = PBXFrameworksBuildPhase;
			buildActionMask = 2147483647;
			files = (
			);
			runOnlyForDeploymentPostprocessing = 0;
		};
/* End PBXFrameworksBuildPhase section */

/* Begin PBXGroup section */
		BD0DDFF82844A0B30090439D /* sink */ = {
			isa = PBXGroup;
			children = (
				BD7BA73328082EA600EDA6AC /* sink.cpp */,
				BD7BA72128082EA600EDA6AC /* sink.hpp */,
				BD0DDFF428449DDF0090439D /* mmap_sink.cpp */,
				BD0DDFF528449DDF0090439D /* mmap_sink.hpp */,
				BD7BA73128082EA600EDA6AC /* file_sink.cpp */,
				BD7BA72928082EA600EDA6AC /* file_sink.hpp */,
				BD7BA72228082EA600EDA6AC /* console_sink.cpp */,
				BD7BA73428082EA600EDA6AC /* console_sink.hpp */,
			);
			path = sink;
			sourceTree = "<group>";
		};
		BD406D8E27F19C76002C76D5 = {
			isa = PBXGroup;
			children = (
				BD0DDFF82844A0B30090439D /* sink */,
				BD0DDFF328449DDF0090439D /* memory_mmap.cpp */,
				BD0DDFF228449DDF0090439D /* memory_mmap.hpp */,
				BD12BD172826513A00BA6D5B /* mxlogger_util.cpp */,
				BD12BD182826513A00BA6D5B /* mxlogger_util.hpp */,
				BDD1CA872823A53F009B94D7 /* mxlogger_file_util.hpp */,
				BDD1CA8028236876009B94D7 /* cJson */,
				BDA28450280D778E00C833A3 /* md5 */,
				BD7BA73028082EA600EDA6AC /* flag_formatter.cpp */,
				BD7BA72F28082EA600EDA6AC /* flag_formatter.hpp */,
				BD7BA73528082EA600EDA6AC /* log_enum.h */,
				BD7BA72E28082EA600EDA6AC /* log_msg.cpp */,
				BD7BA72328082EA600EDA6AC /* log_msg.hpp */,
				BD7BA72528082EA600EDA6AC /* logger_os.cpp */,
				BD7BA72028082EA600EDA6AC /* logger_os.hpp */,
				BD7BA72D28082EA600EDA6AC /* mx_file.cpp */,
				BD7BA72A28082EA600EDA6AC /* mx_file.hpp */,
				BD7BA72B28082EA600EDA6AC /* mxlogger_helper.hpp */,
				BD7BA72628082EA600EDA6AC /* mxlogger.cpp */,
				BD7BA72728082EA600EDA6AC /* mxlogger.hpp */,
				BD7BA73228082EA600EDA6AC /* pattern_formatter.cpp */,
				BD7BA72428082EA600EDA6AC /* pattern_formatter.hpp */,
				BD406D9827F19C76002C76D5 /* Products */,
			);
			sourceTree = "<group>";
		};
		BD406D9827F19C76002C76D5 /* Products */ = {
			isa = PBXGroup;
			children = (
				BD406D9727F19C76002C76D5 /* libMXLoggerCore.a */,
			);
			name = Products;
			sourceTree = "<group>";
		};
		BDA28450280D778E00C833A3 /* md5 */ = {
			isa = PBXGroup;
			children = (
				BDA28452280D778E00C833A3 /* md5.h */,
				BDA28453280D778E00C833A3 /* md5.c */,
			);
			path = md5;
			sourceTree = "<group>";
		};
		BDD1CA8028236876009B94D7 /* cJson */ = {
			isa = PBXGroup;
			children = (
				BDD1CA8128236876009B94D7 /* cJSON.h */,
				BDD1CA8228236876009B94D7 /* cJSON.c */,
			);
			path = cJson;
			sourceTree = "<group>";
		};
/* End PBXGroup section */

/* Begin PBXNativeTarget section */
		BD406D9627F19C76002C76D5 /* MXLoggerCore */ = {
			isa = PBXNativeTarget;
			buildConfigurationList = BD406DA027F19C76002C76D5 /* Build configuration list for PBXNativeTarget "MXLoggerCore" */;
			buildPhases = (
				BD406D9327F19C76002C76D5 /* Sources */,
				BD406D9427F19C76002C76D5 /* Frameworks */,
				BD406D9527F19C76002C76D5 /* CopyFiles */,
			);
			buildRules = (
			);
			dependencies = (
			);
			name = MXLoggerCore;
			productName = MXLoggerCore;
			productReference = BD406D9727F19C76002C76D5 /* libMXLoggerCore.a */;
			productType = "com.apple.product-type.library.static";
		};
/* End PBXNativeTarget section */

/* Begin PBXProject section */
		BD406D8F27F19C76002C76D5 /* Project object */ = {
			isa = PBXProject;
			attributes = {
				LastUpgradeCheck = 1240;
				TargetAttributes = {
					BD406D9627F19C76002C76D5 = {
						CreatedOnToolsVersion = 12.4;
					};
				};
			};
			buildConfigurationList = BD406D9227F19C76002C76D5 /* Build configuration list for PBXProject "MXLoggerCore" */;
			compatibilityVersion = "Xcode 9.3";
			developmentRegion = en;
			hasScannedForEncodings = 0;
			knownRegions = (
				en,
				Base,
			);
			mainGroup = BD406D8E27F19C76002C76D5;
			productRefGroup = BD406D9827F19C76002C76D5 /* Products */;
			projectDirPath = "";
			projectRoot = "";
			targets = (
				BD406D9627F19C76002C76D5 /* MXLoggerCore */,
			);
		};
/* End PBXProject section */

/* Begin PBXSourcesBuildPhase section */
		BD406D9327F19C76002C76D5 /* Sources */ = {
			isa = PBXSourcesBuildPhase;
			buildActionMask = 2147483647;
			files = (
				BD7BA73628082EA600EDA6AC /* console_sink.cpp in Sources */,
				BD7BA73E28082EA600EDA6AC /* pattern_formatter.cpp in Sources */,
				BD7BA73D28082EA600EDA6AC /* file_sink.cpp in Sources */,
				BD7BA73B28082EA600EDA6AC /* log_msg.cpp in Sources */,
				BDA28454280D778E00C833A3 /* md5.c in Sources */,
				BD0DDFF728449DDF0090439D /* mmap_sink.cpp in Sources */,
				BD7BA73828082EA600EDA6AC /* mxlogger.cpp in Sources */,
				BD7BA73728082EA600EDA6AC /* logger_os.cpp in Sources */,
				BD7BA73A28082EA600EDA6AC /* mx_file.cpp in Sources */,
				BDD1CA8328236876009B94D7 /* cJSON.c in Sources */,
				BD12BD192826513A00BA6D5B /* mxlogger_util.cpp in Sources */,
				BD0DDFF628449DDF0090439D /* memory_mmap.cpp in Sources */,
				BD7BA73F28082EA600EDA6AC /* sink.cpp in Sources */,
				BD7BA73C28082EA600EDA6AC /* flag_formatter.cpp in Sources */,
			);
			runOnlyForDeploymentPostprocessing = 0;
		};
/* End PBXSourcesBuildPhase section */

/* Begin XCBuildConfiguration section */
		BD406D9E27F19C76002C76D5 /* Debug */ = {
			isa = XCBuildConfiguration;
			buildSettings = {
				ALWAYS_SEARCH_USER_PATHS = NO;
				CLANG_ANALYZER_NONNULL = YES;
				CLANG_ANALYZER_NUMBER_OBJECT_CONVERSION = YES_AGGRESSIVE;
				CLANG_CXX_LANGUAGE_STANDARD = "gnu++14";
				CLANG_CXX_LIBRARY = "libc++";
				CLANG_ENABLE_MODULES = YES;
				CLANG_ENABLE_OBJC_ARC = YES;
				CLANG_ENABLE_OBJC_WEAK = YES;
				CLANG_WARN_BLOCK_CAPTURE_AUTORELEASING = YES;
				CLANG_WARN_BOOL_CONVERSION = YES;
				CLANG_WARN_COMMA = YES;
				CLANG_WARN_CONSTANT_CONVERSION = YES;
				CLANG_WARN_DEPRECATED_OBJC_IMPLEMENTATIONS = YES;
				CLANG_WARN_DIRECT_OBJC_ISA_USAGE = YES_ERROR;
				CLANG_WARN_DOCUMENTATION_COMMENTS = YES;
				CLANG_WARN_EMPTY_BODY = YES;
				CLANG_WARN_ENUM_CONVERSION = YES;
				CLANG_WARN_INFINITE_RECURSION = YES;
				CLANG_WARN_INT_CONVERSION = YES;
				CLANG_WARN_NON_LITERAL_NULL_CONVERSION = YES;
				CLANG_WARN_OBJC_IMPLICIT_RETAIN_SELF = YES;
				CLANG_WARN_OBJC_LITERAL_CONVERSION = YES;
				CLANG_WARN_OBJC_ROOT_CLASS = YES_ERROR;
				CLANG_WARN_QUOTED_INCLUDE_IN_FRAMEWORK_HEADER = YES;
				CLANG_WARN_RANGE_LOOP_ANALYSIS = YES;
				CLANG_WARN_STRICT_PROTOTYPES = YES;
				CLANG_WARN_SUSPICIOUS_MOVE = YES;
				CLANG_WARN_UNGUARDED_AVAILABILITY = YES_AGGRESSIVE;
				CLANG_WARN_UNREACHABLE_CODE = YES;
				CLANG_WARN__DUPLICATE_METHOD_MATCH = YES;
				COPY_PHASE_STRIP = NO;
				DEBUG_INFORMATION_FORMAT = dwarf;
				ENABLE_STRICT_OBJC_MSGSEND = YES;
				ENABLE_TESTABILITY = YES;
				GCC_C_LANGUAGE_STANDARD = gnu11;
				GCC_DYNAMIC_NO_PIC = NO;
				GCC_NO_COMMON_BLOCKS = YES;
				GCC_OPTIMIZATION_LEVEL = 0;
				GCC_PREPROCESSOR_DEFINITIONS = (
					"DEBUG=1",
					"$(inherited)",
				);
				GCC_WARN_64_TO_32_BIT_CONVERSION = YES;
				GCC_WARN_ABOUT_RETURN_TYPE = YES_ERROR;
				GCC_WARN_UNDECLARED_SELECTOR = YES;
				GCC_WARN_UNINITIALIZED_AUTOS = YES_AGGRESSIVE;
				GCC_WARN_UNUSED_FUNCTION = YES;
				GCC_WARN_UNUSED_VARIABLE = YES;
				IPHONEOS_DEPLOYMENT_TARGET = 9.0;
				MTL_ENABLE_DEBUG_INFO = INCLUDE_SOURCE;
				MTL_FAST_MATH = YES;
				ONLY_ACTIVE_ARCH = YES;
				SDKROOT = iphoneos;
			};
			name = Debug;
		};
		BD406D9F27F19C76002C76D5 /* Release */ = {
			isa = XCBuildConfiguration;
			buildSettings = {
				ALWAYS_SEARCH_USER_PATHS = NO;
				CLANG_ANALYZER_NONNULL = YES;
				CLANG_ANALYZER_NUMBER_OBJECT_CONVERSION = YES_AGGRESSIVE;
				CLANG_CXX_LANGUAGE_STANDARD = "gnu++14";
				CLANG_CXX_LIBRARY = "libc++";
				CLANG_ENABLE_MODULES = YES;
				CLANG_ENABLE_OBJC_ARC = YES;
				CLANG_ENABLE_OBJC_WEAK = YES;
				CLANG_WARN_BLOCK_CAPTURE_AUTORELEASING = YES;
				CLANG_WARN_BOOL_CONVERSION = YES;
				CLANG_WARN_COMMA = YES;
				CLANG_WARN_CONSTANT_CONVERSION = YES;
				CLANG_WARN_DEPRECATED_OBJC_IMPLEMENTATIONS = YES;
				CLANG_WARN_DIRECT_OBJC_ISA_USAGE = YES_ERROR;
				CLANG_WARN_DOCUMENTATION_COMMENTS = YES;
				CLANG_WARN_EMPTY_BODY = YES;
				CLANG_WARN_ENUM_CONVERSION = YES;
				CLANG_WARN_INFINITE_RECURSION = YES;
				CLANG_WARN_INT_CONVERSION = YES;
				CLANG_WARN_NON_LITERAL_NULL_CONVERSION = YES;
				CLANG_WARN_OBJC_IMPLICIT_RETAIN_SELF = YES;
				CLANG_WARN_OBJC_LITERAL_CONVERSION = YES;
				CLANG_WARN_OBJC_ROOT_CLASS = YES_ERROR;
				CLANG_WARN_QUOTED_INCLUDE_IN_FRAMEWORK_HEADER = YES;
				CLANG_WARN_RANGE_LOOP_ANALYSIS = YES;
				CLANG_WARN_STRICT_PROTOTYPES = YES;
				CLANG_WARN_SUSPICIOUS_MOVE = YES;
				CLANG_WARN_UNGUARDED_AVAILABILITY = YES_AGGRESSIVE;
				CLANG_WARN_UNREACHABLE_CODE = YES;
				CLANG_WARN__DUPLICATE_METHOD_MATCH = YES;
				COPY_PHASE_STRIP = NO;
				DEBUG_INFORMATION_FORMAT = "dwarf-with-dsym";
				ENABLE_NS_ASSERTIONS = NO;
				ENABLE_STRICT_OBJC_MSGSEND = YES;
				GCC_C_LANGUAGE_STANDARD = gnu11;
				GCC_NO_COMMON_BLOCKS = YES;
				GCC_WARN_64_TO_32_BIT_CONVERSION = YES;
				GCC_WARN_ABOUT_RETURN_TYPE = YES_ERROR;
				GCC_WARN_UNDECLARED_SELECTOR = YES;
				GCC_WARN_UNINITIALIZED_AUTOS = YES_AGGRESSIVE;
				GCC_WARN_UNUSED_FUNCTION = YES;
				GCC_WARN_UNUSED_VARIABLE = YES;
				IPHONEOS_DEPLOYMENT_TARGET = 9.0;
				MTL_ENABLE_DEBUG_INFO = NO;
				MTL_FAST_MATH = YES;
				SDKROOT = iphoneos;
				VALIDATE_PRODUCT = YES;
			};
			name = Release;
		};
		BD406DA127F19C76002C76D5 /* Debug */ = {
			isa = XCBuildConfiguration;
			buildSettings = {
				CODE_SIGN_STYLE = Automatic;
				DEVELOPMENT_TEAM = S3ATYAJ48Q;
				OTHER_LDFLAGS = "-ObjC";
				PRODUCT_NAME = "$(TARGET_NAME)";
				SKIP_INSTALL = YES;
				TARGETED_DEVICE_FAMILY = "1,2";
			};
			name = Debug;
		};
		BD406DA227F19C76002C76D5 /* Release */ = {
			isa = XCBuildConfiguration;
			buildSettings = {
				CODE_SIGN_STYLE = Automatic;
				DEVELOPMENT_TEAM = S3ATYAJ48Q;
				OTHER_LDFLAGS = "-ObjC";
				PRODUCT_NAME = "$(TARGET_NAME)";
				SKIP_INSTALL = YES;
				TARGETED_DEVICE_FAMILY = "1,2";
			};
			name = Release;
		};
/* End XCBuildConfiguration section */

/* Begin XCConfigurationList section */
		BD406D9227F19C76002C76D5 /* Build configuration list for PBXProject "MXLoggerCore" */ = {
			isa = XCConfigurationList;
			buildConfigurations = (
				BD406D9E27F19C76002C76D5 /* Debug */,
				BD406D9F27F19C76002C76D5 /* Release */,
			);
			defaultConfigurationIsVisible = 0;
			defaultConfigurationName = Release;
		};
		BD406DA027F19C76002C76D5 /* Build configuration list for PBXNativeTarget "MXLoggerCore" */ = {
			isa = XCConfigurationList;
			buildConfigurations = (
				BD406DA127F19C76002C76D5 /* Debug */,
				BD406DA227F19C76002C76D5 /* Release */,
			);
			defaultConfigurationIsVisible = 0;
			defaultConfigurationName = Release;
		};
/* End XCConfigurationList section */
	};
	rootObject = BD406D8F27F19C76002C76D5 /* Project object */;
}
