PODS:
  - Flutter (1.0.0)
  - flutter_mxlogger (0.0.1):
    - Flutter
    - MXLogger (~> 1.0.0)
  - MXLogger (1.0.0):
    - MXLoggerCore (= 1.0.0)
  - MXLoggerCore (1.0.0)

DEPENDENCIES:
  - Flutter (from `Flutter`)
  - flutter_mxlogger (from `.symlinks/plugins/flutter_mxlogger/ios`)
  - MXLogger (from `/Users/dongjiayi/Documents/github/MXLogger`)
  - MXLoggerCore (from `/Users/dongjiayi/Documents/github/MXLogger`)

EXTERNAL SOURCES:
  Flutter:
    :path: Flutter
  flutter_mxlogger:
    :path: ".symlinks/plugins/flutter_mxlogger/ios"
  MXLogger:
    :path: "/Users/dongjiayi/Documents/github/MXLogger"
  MXLoggerCore:
    :path: "/Users/dongjiayi/Documents/github/MXLogger"

SPEC CHECKSUMS:
  Flutter: 50d75fe2f02b26cc09d224853bb45737f8b3214a
  flutter_mxlogger: 61ccf0acc32ee46f62fca578e5ef5a6b574985d0
  MXLogger: 065336d2bb2a9dd36d2c6973f02e15d439595bf7
  MXLoggerCore: d417d47c057076c442f8decf6f4568d3ec49f1e8

PODFILE CHECKSUM: 1a9defcf6f96c22dd69def8e398d8fb8fbc6cca3

COCOAPODS: 1.11.2
