PODS:
  - device_info_plus (0.0.1):
    - Flutter
  - Flutter (1.0.0)
  - flutter_mxlogger (0.0.1):
    - Flutter
    - MXLogger (= 1.2.11)
  - MXLogger (1.2.11):
    - MXLoggerCore (= 1.2.11)
  - MXLoggerCore (1.2.11)
  - path_provider_foundation (0.0.1):
    - Flutter
    - FlutterMacOS

DEPENDENCIES:
  - device_info_plus (from `.symlinks/plugins/device_info_plus/ios`)
  - Flutter (from `Flutter`)
  - flutter_mxlogger (from `.symlinks/plugins/flutter_mxlogger/ios`)
  - path_provider_foundation (from `.symlinks/plugins/path_provider_foundation/darwin`)

SPEC REPOS:
  https://github.com/CocoaPods/Specs.git:
    - MXLogger
    - MXLoggerCore

EXTERNAL SOURCES:
  device_info_plus:
    :path: ".symlinks/plugins/device_info_plus/ios"
  Flutter:
    :path: Flutter
  flutter_mxlogger:
    :path: ".symlinks/plugins/flutter_mxlogger/ios"
  path_provider_foundation:
    :path: ".symlinks/plugins/path_provider_foundation/darwin"

SPEC CHECKSUMS:
  device_info_plus: e5c5da33f982a436e103237c0c85f9031142abed
  Flutter: e0871f40cf51350855a761d2e70bf5af5b9b5de7
  flutter_mxlogger: 6ca3399d68e457d249cddad1ba287256ed988fea
  MXLogger: 96ba7ae408b7461427146ad6710adb0aecf28c70
  MXLoggerCore: 4a659036b9020389905da29ae5e8d8118f6ffe01
  path_provider_foundation: 3784922295ac71e43754bd15e0653ccfd36a147c

PODFILE CHECKSUM: ab5dcc0987b8a50f8ca8ed59b7a6fed86ee7fa0a

COCOAPODS: 1.14.3
