// !$*UTF8*$!
{
	archiveVersion = 1;
	classes = {
	};
	objectVersion = 50;
	objects = {

/* Begin PBXBuildFile section */
		BD7BA6C32806A36B00EDA6AC /* main.cpp in Sources */ = {isa = PBXBuildFile; fileRef = BD7BA6C22806A36B00EDA6AC /* main.cpp */; };
		BD7BA6D32806A58000EDA6AC /* mxlogger.cpp in Sources */ = {isa = PBXBuildFile; fileRef = BD7BA6D12806A58000EDA6AC /* mxlogger.cpp */; };
		BD7BA6D82806BC9500EDA6AC /* sink.cpp in Sources */ = {isa = PBXBuildFile; fileRef = BD7BA6D62806BC9500EDA6AC /* sink.cpp */; };
		BD7BA6DC2806BDA500EDA6AC /* log_msg.cpp in Sources */ = {isa = PBXBuildFile; fileRef = BD7BA6DA2806BDA500EDA6AC /* log_msg.cpp */; };
		BD7BA6E42806C3BA00EDA6AC /* console_sink.cpp in Sources */ = {isa = PBXBuildFile; fileRef = BD7BA6E22806C3BA00EDA6AC /* console_sink.cpp */; };
		BD7BA6E92806CF4000EDA6AC /* pattern_formatter.cpp in Sources */ = {isa = PBXBuildFile; fileRef = BD7BA6E72806CF4000EDA6AC /* pattern_formatter.cpp */; };
		BD7BA6ED2806D7A600EDA6AC /* flag_formatter.cpp in Sources */ = {isa = PBXBuildFile; fileRef = BD7BA6EC2806D7A600EDA6AC /* flag_formatter.cpp */; };
		BD7BA6F62807BDC800EDA6AC /* logger_os.cpp in Sources */ = {isa = PBXBuildFile; fileRef = BD7BA6F52807BDC800EDA6AC /* logger_os.cpp */; };
/* End PBXBuildFile section */

/* Begin PBXCopyFilesBuildPhase section */
		BD7BA6BD2806A36B00EDA6AC /* CopyFiles */ = {
			isa = PBXCopyFilesBuildPhase;
			buildActionMask = 2147483647;
			dstPath = /usr/share/man/man1/;
			dstSubfolderSpec = 0;
			files = (
			);
			runOnlyForDeploymentPostprocessing = 1;
		};
/* End PBXCopyFilesBuildPhase section */

/* Begin PBXFileReference section */
		BD7BA6BF2806A36B00EDA6AC /* MXLoggerCore */ = {isa = PBXFileReference; explicitFileType = "compiled.mach-o.executable"; includeInIndex = 0; path = MXLoggerCore; sourceTree = BUILT_PRODUCTS_DIR; };
		BD7BA6C22806A36B00EDA6AC /* main.cpp */ = {isa = PBXFileReference; lastKnownFileType = sourcecode.cpp.cpp; path = main.cpp; sourceTree = "<group>"; };
		BD7BA6D12806A58000EDA6AC /* mxlogger.cpp */ = {isa = PBXFileReference; lastKnownFileType = sourcecode.cpp.cpp; path = mxlogger.cpp; sourceTree = "<group>"; };
		BD7BA6D22806A58000EDA6AC /* mxlogger.hpp */ = {isa = PBXFileReference; lastKnownFileType = sourcecode.cpp.h; path = mxlogger.hpp; sourceTree = "<group>"; };
		BD7BA6D62806BC9500EDA6AC /* sink.cpp */ = {isa = PBXFileReference; lastKnownFileType = sourcecode.cpp.cpp; path = sink.cpp; sourceTree = "<group>"; };
		BD7BA6D72806BC9500EDA6AC /* sink.hpp */ = {isa = PBXFileReference; lastKnownFileType = sourcecode.cpp.h; path = sink.hpp; sourceTree = "<group>"; };
		BD7BA6DA2806BDA500EDA6AC /* log_msg.cpp */ = {isa = PBXFileReference; lastKnownFileType = sourcecode.cpp.cpp; path = log_msg.cpp; sourceTree = "<group>"; };
		BD7BA6DB2806BDA500EDA6AC /* log_msg.hpp */ = {isa = PBXFileReference; lastKnownFileType = sourcecode.cpp.h; path = log_msg.hpp; sourceTree = "<group>"; };
		BD7BA6DF2806BFD600EDA6AC /* log_enum.h */ = {isa = PBXFileReference; fileEncoding = 4; lastKnownFileType = sourcecode.c.h; path = log_enum.h; sourceTree = "<group>"; };
		BD7BA6E22806C3BA00EDA6AC /* console_sink.cpp */ = {isa = PBXFileReference; lastKnownFileType = sourcecode.cpp.cpp; path = console_sink.cpp; sourceTree = "<group>"; };
		BD7BA6E32806C3BA00EDA6AC /* console_sink.hpp */ = {isa = PBXFileReference; lastKnownFileType = sourcecode.cpp.h; path = console_sink.hpp; sourceTree = "<group>"; };
		BD7BA6E72806CF4000EDA6AC /* pattern_formatter.cpp */ = {isa = PBXFileReference; lastKnownFileType = sourcecode.cpp.cpp; path = pattern_formatter.cpp; sourceTree = "<group>"; };
		BD7BA6E82806CF4000EDA6AC /* pattern_formatter.hpp */ = {isa = PBXFileReference; lastKnownFileType = sourcecode.cpp.h; path = pattern_formatter.hpp; sourceTree = "<group>"; };
		BD7BA6EB2806D7A600EDA6AC /* flag_formatter.hpp */ = {isa = PBXFileReference; fileEncoding = 4; lastKnownFileType = sourcecode.cpp.h; path = flag_formatter.hpp; sourceTree = "<group>"; };
		BD7BA6EC2806D7A600EDA6AC /* flag_formatter.cpp */ = {isa = PBXFileReference; fileEncoding = 4; lastKnownFileType = sourcecode.cpp.cpp; path = flag_formatter.cpp; sourceTree = "<group>"; };
		BD7BA6F02806E0AF00EDA6AC /* mxlogger_helper.hpp */ = {isa = PBXFileReference; lastKnownFileType = sourcecode.cpp.h; path = mxlogger_helper.hpp; sourceTree = "<group>"; };
		BD7BA6F42807BDC800EDA6AC /* logger_os.hpp */ = {isa = PBXFileReference; fileEncoding = 4; lastKnownFileType = sourcecode.cpp.h; path = logger_os.hpp; sourceTree = "<group>"; };
		BD7BA6F52807BDC800EDA6AC /* logger_os.cpp */ = {isa = PBXFileReference; fileEncoding = 4; lastKnownFileType = sourcecode.cpp.cpp; path = logger_os.cpp; sourceTree = "<group>"; };
/* End PBXFileReference section */

/* Begin PBXFrameworksBuildPhase section */
		BD7BA6BC2806A36B00EDA6AC /* Frameworks */ = {
			isa = PBXFrameworksBuildPhase;
			buildActionMask = 2147483647;
			files = (
			);
			runOnlyForDeploymentPostprocessing = 0;
		};
/* End PBXFrameworksBuildPhase section */

/* Begin PBXGroup section */
		BD7BA6B62806A36B00EDA6AC = {
			isa = PBXGroup;
			children = (
				BD7BA6C12806A36B00EDA6AC /* MXLoggerCore */,
				BD7BA6C02806A36B00EDA6AC /* Products */,
			);
			sourceTree = "<group>";
		};
		BD7BA6C02806A36B00EDA6AC /* Products */ = {
			isa = PBXGroup;
			children = (
				BD7BA6BF2806A36B00EDA6AC /* MXLoggerCore */,
			);
			name = Products;
			sourceTree = "<group>";
		};
		BD7BA6C12806A36B00EDA6AC /* MXLoggerCore */ = {
			isa = PBXGroup;
			children = (
				BD7BA6DE2806BFBF00EDA6AC /* source */,
				BD7BA6C22806A36B00EDA6AC /* main.cpp */,
			);
			path = MXLoggerCore;
			sourceTree = "<group>";
		};
		BD7BA6DE2806BFBF00EDA6AC /* source */ = {
			isa = PBXGroup;
			children = (
				BD7BA6F52807BDC800EDA6AC /* logger_os.cpp */,
				BD7BA6F42807BDC800EDA6AC /* logger_os.hpp */,
				BD7BA6EC2806D7A600EDA6AC /* flag_formatter.cpp */,
				BD7BA6EB2806D7A600EDA6AC /* flag_formatter.hpp */,
				BD7BA6DF2806BFD600EDA6AC /* log_enum.h */,
				BD7BA6D12806A58000EDA6AC /* mxlogger.cpp */,
				BD7BA6D22806A58000EDA6AC /* mxlogger.hpp */,
				BD7BA6D62806BC9500EDA6AC /* sink.cpp */,
				BD7BA6D72806BC9500EDA6AC /* sink.hpp */,
				BD7BA6DA2806BDA500EDA6AC /* log_msg.cpp */,
				BD7BA6DB2806BDA500EDA6AC /* log_msg.hpp */,
				BD7BA6E22806C3BA00EDA6AC /* console_sink.cpp */,
				BD7BA6E32806C3BA00EDA6AC /* console_sink.hpp */,
				BD7BA6E72806CF4000EDA6AC /* pattern_formatter.cpp */,
				BD7BA6E82806CF4000EDA6AC /* pattern_formatter.hpp */,
				BD7BA6F02806E0AF00EDA6AC /* mxlogger_helper.hpp */,
			);
			path = source;
			sourceTree = "<group>";
		};
/* End PBXGroup section */

/* Begin PBXNativeTarget section */
		BD7BA6BE2806A36B00EDA6AC /* MXLoggerCore */ = {
			isa = PBXNativeTarget;
			buildConfigurationList = BD7BA6C62806A36B00EDA6AC /* Build configuration list for PBXNativeTarget "MXLoggerCore" */;
			buildPhases = (
				BD7BA6BB2806A36B00EDA6AC /* Sources */,
				BD7BA6BC2806A36B00EDA6AC /* Frameworks */,
				BD7BA6BD2806A36B00EDA6AC /* CopyFiles */,
			);
			buildRules = (
			);
			dependencies = (
			);
			name = MXLoggerCore;
			productName = MXLoggerCore;
			productReference = BD7BA6BF2806A36B00EDA6AC /* MXLoggerCore */;
			productType = "com.apple.product-type.tool";
		};
/* End PBXNativeTarget section */

/* Begin PBXProject section */
		BD7BA6B72806A36B00EDA6AC /* Project object */ = {
			isa = PBXProject;
			attributes = {
				LastUpgradeCheck = 1240;
				TargetAttributes = {
					BD7BA6BE2806A36B00EDA6AC = {
						CreatedOnToolsVersion = 12.4;
					};
				};
			};
			buildConfigurationList = BD7BA6BA2806A36B00EDA6AC /* Build configuration list for PBXProject "MXLoggerCore" */;
			compatibilityVersion = "Xcode 9.3";
			developmentRegion = en;
			hasScannedForEncodings = 0;
			knownRegions = (
				en,
				Base,
			);
			mainGroup = BD7BA6B62806A36B00EDA6AC;
			productRefGroup = BD7BA6C02806A36B00EDA6AC /* Products */;
			projectDirPath = "";
			projectRoot = "";
			targets = (
				BD7BA6BE2806A36B00EDA6AC /* MXLoggerCore */,
			);
		};
/* End PBXProject section */

/* Begin PBXSourcesBuildPhase section */
		BD7BA6BB2806A36B00EDA6AC /* Sources */ = {
			isa = PBXSourcesBuildPhase;
			buildActionMask = 2147483647;
			files = (
				BD7BA6DC2806BDA500EDA6AC /* log_msg.cpp in Sources */,
				BD7BA6C32806A36B00EDA6AC /* main.cpp in Sources */,
				BD7BA6E42806C3BA00EDA6AC /* console_sink.cpp in Sources */,
				BD7BA6D32806A58000EDA6AC /* mxlogger.cpp in Sources */,
				BD7BA6D82806BC9500EDA6AC /* sink.cpp in Sources */,
				BD7BA6E92806CF4000EDA6AC /* pattern_formatter.cpp in Sources */,
				BD7BA6ED2806D7A600EDA6AC /* flag_formatter.cpp in Sources */,
				BD7BA6F62807BDC800EDA6AC /* logger_os.cpp in Sources */,
			);
			runOnlyForDeploymentPostprocessing = 0;
		};
/* End PBXSourcesBuildPhase section */

/* Begin XCBuildConfiguration section */
		BD7BA6C42806A36B00EDA6AC /* Debug */ = {
			isa = XCBuildConfiguration;
			buildSettings = {
				ALWAYS_SEARCH_USER_PATHS = NO;
				CLANG_ANALYZER_NONNULL = YES;
				CLANG_ANALYZER_NUMBER_OBJECT_CONVERSION = YES_AGGRESSIVE;
				CLANG_CXX_LANGUAGE_STANDARD = "gnu++14";
				CLANG_CXX_LIBRARY = "libc++";
				CLANG_ENABLE_MODULES = YES;
				CLANG_ENABLE_OBJC_ARC = YES;
				CLANG_ENABLE_OBJC_WEAK = YES;
				CLANG_WARN_BLOCK_CAPTURE_AUTORELEASING = YES;
				CLANG_WARN_BOOL_CONVERSION = YES;
				CLANG_WARN_COMMA = YES;
				CLANG_WARN_CONSTANT_CONVERSION = YES;
				CLANG_WARN_DEPRECATED_OBJC_IMPLEMENTATIONS = YES;
				CLANG_WARN_DIRECT_OBJC_ISA_USAGE = YES_ERROR;
				CLANG_WARN_DOCUMENTATION_COMMENTS = YES;
				CLANG_WARN_EMPTY_BODY = YES;
				CLANG_WARN_ENUM_CONVERSION = YES;
				CLANG_WARN_INFINITE_RECURSION = YES;
				CLANG_WARN_INT_CONVERSION = YES;
				CLANG_WARN_NON_LITERAL_NULL_CONVERSION = YES;
				CLANG_WARN_OBJC_IMPLICIT_RETAIN_SELF = YES;
				CLANG_WARN_OBJC_LITERAL_CONVERSION = YES;
				CLANG_WARN_OBJC_ROOT_CLASS = YES_ERROR;
				CLANG_WARN_QUOTED_INCLUDE_IN_FRAMEWORK_HEADER = YES;
				CLANG_WARN_RANGE_LOOP_ANALYSIS = YES;
				CLANG_WARN_STRICT_PROTOTYPES = YES;
				CLANG_WARN_SUSPICIOUS_MOVE = YES;
				CLANG_WARN_UNGUARDED_AVAILABILITY = YES_AGGRESSIVE;
				CLANG_WARN_UNREACHABLE_CODE = YES;
				CLANG_WARN__DUPLICATE_METHOD_MATCH = YES;
				COPY_PHASE_STRIP = NO;
				DEBUG_INFORMATION_FORMAT = dwarf;
				ENABLE_STRICT_OBJC_MSGSEND = YES;
				ENABLE_TESTABILITY = YES;
				GCC_C_LANGUAGE_STANDARD = gnu11;
				GCC_DYNAMIC_NO_PIC = NO;
				GCC_NO_COMMON_BLOCKS = YES;
				GCC_OPTIMIZATION_LEVEL = 0;
				GCC_PREPROCESSOR_DEFINITIONS = (
					"DEBUG=1",
					"$(inherited)",
				);
				GCC_WARN_64_TO_32_BIT_CONVERSION = YES;
				GCC_WARN_ABOUT_RETURN_TYPE = YES_ERROR;
				GCC_WARN_UNDECLARED_SELECTOR = YES;
				GCC_WARN_UNINITIALIZED_AUTOS = YES_AGGRESSIVE;
				GCC_WARN_UNUSED_FUNCTION = YES;
				GCC_WARN_UNUSED_VARIABLE = YES;
				MACOSX_DEPLOYMENT_TARGET = 11.1;
				MTL_ENABLE_DEBUG_INFO = INCLUDE_SOURCE;
				MTL_FAST_MATH = YES;
				ONLY_ACTIVE_ARCH = YES;
				SDKROOT = macosx;
			};
			name = Debug;
		};
		BD7BA6C52806A36B00EDA6AC /* Release */ = {
			isa = XCBuildConfiguration;
			buildSettings = {
				ALWAYS_SEARCH_USER_PATHS = NO;
				CLANG_ANALYZER_NONNULL = YES;
				CLANG_ANALYZER_NUMBER_OBJECT_CONVERSION = YES_AGGRESSIVE;
				CLANG_CXX_LANGUAGE_STANDARD = "gnu++14";
				CLANG_CXX_LIBRARY = "libc++";
				CLANG_ENABLE_MODULES = YES;
				CLANG_ENABLE_OBJC_ARC = YES;
				CLANG_ENABLE_OBJC_WEAK = YES;
				CLANG_WARN_BLOCK_CAPTURE_AUTORELEASING = YES;
				CLANG_WARN_BOOL_CONVERSION = YES;
				CLANG_WARN_COMMA = YES;
				CLANG_WARN_CONSTANT_CONVERSION = YES;
				CLANG_WARN_DEPRECATED_OBJC_IMPLEMENTATIONS = YES;
				CLANG_WARN_DIRECT_OBJC_ISA_USAGE = YES_ERROR;
				CLANG_WARN_DOCUMENTATION_COMMENTS = YES;
				CLANG_WARN_EMPTY_BODY = YES;
				CLANG_WARN_ENUM_CONVERSION = YES;
				CLANG_WARN_INFINITE_RECURSION = YES;
				CLANG_WARN_INT_CONVERSION = YES;
				CLANG_WARN_NON_LITERAL_NULL_CONVERSION = YES;
				CLANG_WARN_OBJC_IMPLICIT_RETAIN_SELF = YES;
				CLANG_WARN_OBJC_LITERAL_CONVERSION = YES;
				CLANG_WARN_OBJC_ROOT_CLASS = YES_ERROR;
				CLANG_WARN_QUOTED_INCLUDE_IN_FRAMEWORK_HEADER = YES;
				CLANG_WARN_RANGE_LOOP_ANALYSIS = YES;
				CLANG_WARN_STRICT_PROTOTYPES = YES;
				CLANG_WARN_SUSPICIOUS_MOVE = YES;
				CLANG_WARN_UNGUARDED_AVAILABILITY = YES_AGGRESSIVE;
				CLANG_WARN_UNREACHABLE_CODE = YES;
				CLANG_WARN__DUPLICATE_METHOD_MATCH = YES;
				COPY_PHASE_STRIP = NO;
				DEBUG_INFORMATION_FORMAT = "dwarf-with-dsym";
				ENABLE_NS_ASSERTIONS = NO;
				ENABLE_STRICT_OBJC_MSGSEND = YES;
				GCC_C_LANGUAGE_STANDARD = gnu11;
				GCC_NO_COMMON_BLOCKS = YES;
				GCC_WARN_64_TO_32_BIT_CONVERSION = YES;
				GCC_WARN_ABOUT_RETURN_TYPE = YES_ERROR;
				GCC_WARN_UNDECLARED_SELECTOR = YES;
				GCC_WARN_UNINITIALIZED_AUTOS = YES_AGGRESSIVE;
				GCC_WARN_UNUSED_FUNCTION = YES;
				GCC_WARN_UNUSED_VARIABLE = YES;
				MACOSX_DEPLOYMENT_TARGET = 11.1;
				MTL_ENABLE_DEBUG_INFO = NO;
				MTL_FAST_MATH = YES;
				SDKROOT = macosx;
			};
			name = Release;
		};
		BD7BA6C72806A36B00EDA6AC /* Debug */ = {
			isa = XCBuildConfiguration;
			buildSettings = {
				CODE_SIGN_STYLE = Automatic;
				DEVELOPMENT_TEAM = S3ATYAJ48Q;
				ENABLE_HARDENED_RUNTIME = YES;
				PRODUCT_NAME = "$(TARGET_NAME)";
			};
			name = Debug;
		};
		BD7BA6C82806A36B00EDA6AC /* Release */ = {
			isa = XCBuildConfiguration;
			buildSettings = {
				CODE_SIGN_STYLE = Automatic;
				DEVELOPMENT_TEAM = S3ATYAJ48Q;
				ENABLE_HARDENED_RUNTIME = YES;
				PRODUCT_NAME = "$(TARGET_NAME)";
			};
			name = Release;
		};
/* End XCBuildConfiguration section */

/* Begin XCConfigurationList section */
		BD7BA6BA2806A36B00EDA6AC /* Build configuration list for PBXProject "MXLoggerCore" */ = {
			isa = XCConfigurationList;
			buildConfigurations = (
				BD7BA6C42806A36B00EDA6AC /* Debug */,
				BD7BA6C52806A36B00EDA6AC /* Release */,
			);
			defaultConfigurationIsVisible = 0;
			defaultConfigurationName = Release;
		};
		BD7BA6C62806A36B00EDA6AC /* Build configuration list for PBXNativeTarget "MXLoggerCore" */ = {
			isa = XCConfigurationList;
			buildConfigurations = (
				BD7BA6C72806A36B00EDA6AC /* Debug */,
				BD7BA6C82806A36B00EDA6AC /* Release */,
			);
			defaultConfigurationIsVisible = 0;
			defaultConfigurationName = Release;
		};
/* End XCConfigurationList section */
	};
	rootObject = BD7BA6B72806A36B00EDA6AC /* Project object */;
}
