PODS:
  - desktop_drop (0.0.1):
    - FlutterMacOS
  - device_info_plus (0.0.1):
    - FlutterMacOS
  - file_picker (0.0.1):
    - FlutterMacOS
  - FlutterMacOS (1.0.0)
  - share_plus (0.0.1):
    - FlutterMacOS
  - shared_preferences_foundation (0.0.1):
    - Flutter
    - FlutterMacOS
  - sqlite3 (3.52.0):
    - sqlite3/common (= 3.52.0)
  - sqlite3/common (3.52.0)
  - sqlite3/dbstatvtab (3.52.0):
    - sqlite3/common
  - sqlite3/fts5 (3.52.0):
    - sqlite3/common
  - sqlite3/math (3.52.0):
    - sqlite3/common
  - sqlite3/perf-threadsafe (3.52.0):
    - sqlite3/common
  - sqlite3/rtree (3.52.0):
    - sqlite3/common
  - sqlite3/session (3.52.0):
    - sqlite3/common
  - sqlite3_flutter_libs (0.0.1):
    - Flutter
    - FlutterMacOS
    - sqlite3 (~> 3.52.0)
    - sqlite3/dbstatvtab
    - sqlite3/fts5
    - sqlite3/math
    - sqlite3/perf-threadsafe
    - sqlite3/rtree
    - sqlite3/session

DEPENDENCIES:
  - desktop_drop (from `Flutter/ephemeral/.symlinks/plugins/desktop_drop/macos`)
  - device_info_plus (from `Flutter/ephemeral/.symlinks/plugins/device_info_plus/macos`)
  - file_picker (from `Flutter/ephemeral/.symlinks/plugins/file_picker/macos`)
  - FlutterMacOS (from `Flutter/ephemeral`)
  - share_plus (from `Flutter/ephemeral/.symlinks/plugins/share_plus/macos`)
  - shared_preferences_foundation (from `Flutter/ephemeral/.symlinks/plugins/shared_preferences_foundation/darwin`)
  - sqlite3_flutter_libs (from `Flutter/ephemeral/.symlinks/plugins/sqlite3_flutter_libs/darwin`)

SPEC REPOS:
  trunk:
    - sqlite3

EXTERNAL SOURCES:
  desktop_drop:
    :path: Flutter/ephemeral/.symlinks/plugins/desktop_drop/macos
  device_info_plus:
    :path: Flutter/ephemeral/.symlinks/plugins/device_info_plus/macos
  file_picker:
    :path: Flutter/ephemeral/.symlinks/plugins/file_picker/macos
  FlutterMacOS:
    :path: Flutter/ephemeral
  share_plus:
    :path: Flutter/ephemeral/.symlinks/plugins/share_plus/macos
  shared_preferences_foundation:
    :path: Flutter/ephemeral/.symlinks/plugins/shared_preferences_foundation/darwin
  sqlite3_flutter_libs:
    :path: Flutter/ephemeral/.symlinks/plugins/sqlite3_flutter_libs/darwin

SPEC CHECKSUMS:
  desktop_drop: e0b672a7d84c0a6cbc378595e82cdb15f2970a43
  device_info_plus: 4fb280989f669696856f8b129e4a5e3cd6c48f76
  file_picker: 7584aae6fa07a041af2b36a2655122d42f578c1a
  FlutterMacOS: d0db08ddef1a9af05a5ec4b724367152bb0500b1
  share_plus: 510bf0af1a42cd602274b4629920c9649c52f4cc
  shared_preferences_foundation: 7036424c3d8ec98dfe75ff1667cb0cd531ec82bb
  sqlite3: a51c07cf16e023d6c48abd5e5791a61a47354921
  sqlite3_flutter_libs: b3e120efe9a82017e5552a620f696589ed4f62ab

PODFILE CHECKSUM: 54d867c82ac51cbd61b565781b9fada492027009

COCOAPODS: 1.16.2
